
Microsoft Visual Studio Solution File, Format Version 12.00
# Visual Studio Version 16
VisualStudioVersion = 16.0.29418.71
MinimumVisualStudioVersion = 10.0.40219.1
Project("{FAE04EC0-301F-11D3-BF4B-00C04F79EFBC}") = "ConsultaCep.UWP", "ConsultaCep\ConsultaCep.UWP\ConsultaCep.UWP.csproj", "{CA56E78B-72DD-4C0E-A5F1-35A616CDBA50}"
EndProject
Project("{FAE04EC0-301F-11D3-BF4B-00C04F79EFBC}") = "ConsultaCep.Android", "ConsultaCep\ConsultaCep.Android\ConsultaCep.Android.csproj", "{41A644B0-6679-4969-8A3D-EC427CF5AE74}"
EndProject
Project("{FAE04EC0-301F-11D3-BF4B-00C04F79EFBC}") = "ConsultaCep.iOS", "ConsultaCep\ConsultaCep.iOS\ConsultaCep.iOS.csproj", "{95197F77-2DD7-4FE7-B972-FE1A8E2E467D}"
EndProject
Project("{FAE04EC0-301F-11D3-BF4B-00C04F79EFBC}") = "ConsultaCep", "ConsultaCep\ConsultaCep\ConsultaCep.csproj", "{0F305422-EDB3-4192-A5AF-DC35E1F6D480}"
EndProject
Global
	GlobalSection(SolutionConfigurationPlatforms) = preSolution
		Debug|Any CPU = Debug|Any CPU
		Debug|ARM = Debug|ARM
		Debug|iPhone = Debug|iPhone
		Debug|iPhoneSimulator = Debug|iPhoneSimulator
		Debug|x64 = Debug|x64
		Debug|x86 = Debug|x86
		Release|Any CPU = Release|Any CPU
		Release|ARM = Release|ARM
		Release|iPhone = Release|iPhone
		Release|iPhoneSimulator = Release|iPhoneSimulator
		Release|x64 = Release|x64
		Release|x86 = Release|x86
	EndGlobalSection
	GlobalSection(ProjectConfigurationPlatforms) = postSolution
		{CA56E78B-72DD-4C0E-A5F1-35A616CDBA50}.Debug|Any CPU.ActiveCfg = Debug|x86
		{CA56E78B-72DD-4C0E-A5F1-35A616CDBA50}.Debug|Any CPU.Build.0 = Debug|x86
		{CA56E78B-72DD-4C0E-A5F1-35A616CDBA50}.Debug|Any CPU.Deploy.0 = Debug|x86
		{CA56E78B-72DD-4C0E-A5F1-35A616CDBA50}.Debug|ARM.ActiveCfg = Debug|ARM
		{CA56E78B-72DD-4C0E-A5F1-35A616CDBA50}.Debug|ARM.Build.0 = Debug|ARM
		{CA56E78B-72DD-4C0E-A5F1-35A616CDBA50}.Debug|ARM.Deploy.0 = Debug|ARM
		{CA56E78B-72DD-4C0E-A5F1-35A616CDBA50}.Debug|iPhone.ActiveCfg = Debug|x86
		{CA56E78B-72DD-4C0E-A5F1-35A616CDBA50}.Debug|iPhone.Build.0 = Debug|x86
		{CA56E78B-72DD-4C0E-A5F1-35A616CDBA50}.Debug|iPhone.Deploy.0 = Debug|x86
		{CA56E78B-72DD-4C0E-A5F1-35A616CDBA50}.Debug|iPhoneSimulator.ActiveCfg = Debug|x86
		{CA56E78B-72DD-4C0E-A5F1-35A616CDBA50}.Debug|iPhoneSimulator.Build.0 = Debug|x86
		{CA56E78B-72DD-4C0E-A5F1-35A616CDBA50}.Debug|iPhoneSimulator.Deploy.0 = Debug|x86
		{CA56E78B-72DD-4C0E-A5F1-35A616CDBA50}.Debug|x64.ActiveCfg = Debug|x64
		{CA56E78B-72DD-4C0E-A5F1-35A616CDBA50}.Debug|x64.Build.0 = Debug|x64
		{CA56E78B-72DD-4C0E-A5F1-35A616CDBA50}.Debug|x64.Deploy.0 = Debug|x64
		{CA56E78B-72DD-4C0E-A5F1-35A616CDBA50}.Debug|x86.ActiveCfg = Debug|x86
		{CA56E78B-72DD-4C0E-A5F1-35A616CDBA50}.Debug|x86.Build.0 = Debug|x86
		{CA56E78B-72DD-4C0E-A5F1-35A616CDBA50}.Debug|x86.Deploy.0 = Debug|x86
		{CA56E78B-72DD-4C0E-A5F1-35A616CDBA50}.Release|Any CPU.ActiveCfg = Release|x86
		{CA56E78B-72DD-4C0E-A5F1-35A616CDBA50}.Release|Any CPU.Build.0 = Release|x86
		{CA56E78B-72DD-4C0E-A5F1-35A616CDBA50}.Release|Any CPU.Deploy.0 = Release|x86
		{CA56E78B-72DD-4C0E-A5F1-35A616CDBA50}.Release|ARM.ActiveCfg = Release|ARM
		{CA56E78B-72DD-4C0E-A5F1-35A616CDBA50}.Release|ARM.Build.0 = Release|ARM
		{CA56E78B-72DD-4C0E-A5F1-35A616CDBA50}.Release|ARM.Deploy.0 = Release|ARM
		{CA56E78B-72DD-4C0E-A5F1-35A616CDBA50}.Release|iPhone.ActiveCfg = Release|x86
		{CA56E78B-72DD-4C0E-A5F1-35A616CDBA50}.Release|iPhone.Build.0 = Release|x86
		{CA56E78B-72DD-4C0E-A5F1-35A616CDBA50}.Release|iPhone.Deploy.0 = Release|x86
		{CA56E78B-72DD-4C0E-A5F1-35A616CDBA50}.Release|iPhoneSimulator.ActiveCfg = Release|x86
		{CA56E78B-72DD-4C0E-A5F1-35A616CDBA50}.Release|iPhoneSimulator.Build.0 = Release|x86
		{CA56E78B-72DD-4C0E-A5F1-35A616CDBA50}.Release|iPhoneSimulator.Deploy.0 = Release|x86
		{CA56E78B-72DD-4C0E-A5F1-35A616CDBA50}.Release|x64.ActiveCfg = Release|x64
		{CA56E78B-72DD-4C0E-A5F1-35A616CDBA50}.Release|x64.Build.0 = Release|x64
		{CA56E78B-72DD-4C0E-A5F1-35A616CDBA50}.Release|x64.Deploy.0 = Release|x64
		{CA56E78B-72DD-4C0E-A5F1-35A616CDBA50}.Release|x86.ActiveCfg = Release|x86
		{CA56E78B-72DD-4C0E-A5F1-35A616CDBA50}.Release|x86.Build.0 = Release|x86
		{CA56E78B-72DD-4C0E-A5F1-35A616CDBA50}.Release|x86.Deploy.0 = Release|x86
		{41A644B0-6679-4969-8A3D-EC427CF5AE74}.Debug|Any CPU.ActiveCfg = Debug|Any CPU
		{41A644B0-6679-4969-8A3D-EC427CF5AE74}.Debug|Any CPU.Build.0 = Debug|Any CPU
		{41A644B0-6679-4969-8A3D-EC427CF5AE74}.Debug|Any CPU.Deploy.0 = Debug|Any CPU
		{41A644B0-6679-4969-8A3D-EC427CF5AE74}.Debug|ARM.ActiveCfg = Debug|Any CPU
		{41A644B0-6679-4969-8A3D-EC427CF5AE74}.Debug|ARM.Build.0 = Debug|Any CPU
		{41A644B0-6679-4969-8A3D-EC427CF5AE74}.Debug|ARM.Deploy.0 = Debug|Any CPU
		{41A644B0-6679-4969-8A3D-EC427CF5AE74}.Debug|iPhone.ActiveCfg = Debug|Any CPU
		{41A644B0-6679-4969-8A3D-EC427CF5AE74}.Debug|iPhone.Build.0 = Debug|Any CPU
		{41A644B0-6679-4969-8A3D-EC427CF5AE74}.Debug|iPhone.Deploy.0 = Debug|Any CPU
		{41A644B0-6679-4969-8A3D-EC427CF5AE74}.Debug|iPhoneSimulator.ActiveCfg = Debug|Any CPU
		{41A644B0-6679-4969-8A3D-EC427CF5AE74}.Debug|iPhoneSimulator.Build.0 = Debug|Any CPU
		{41A644B0-6679-4969-8A3D-EC427CF5AE74}.Debug|iPhoneSimulator.Deploy.0 = Debug|Any CPU
		{41A644B0-6679-4969-8A3D-EC427CF5AE74}.Debug|x64.ActiveCfg = Debug|Any CPU
		{41A644B0-6679-4969-8A3D-EC427CF5AE74}.Debug|x64.Build.0 = Debug|Any CPU
		{41A644B0-6679-4969-8A3D-EC427CF5AE74}.Debug|x64.Deploy.0 = Debug|Any CPU
		{41A644B0-6679-4969-8A3D-EC427CF5AE74}.Debug|x86.ActiveCfg = Debug|Any CPU
		{41A644B0-6679-4969-8A3D-EC427CF5AE74}.Debug|x86.Build.0 = Debug|Any CPU
		{41A644B0-6679-4969-8A3D-EC427CF5AE74}.Debug|x86.Deploy.0 = Debug|Any CPU
		{41A644B0-6679-4969-8A3D-EC427CF5AE74}.Release|Any CPU.ActiveCfg = Release|Any CPU
		{41A644B0-6679-4969-8A3D-EC427CF5AE74}.Release|Any CPU.Build.0 = Release|Any CPU
		{41A644B0-6679-4969-8A3D-EC427CF5AE74}.Release|Any CPU.Deploy.0 = Release|Any CPU
		{41A644B0-6679-4969-8A3D-EC427CF5AE74}.Release|ARM.ActiveCfg = Release|Any CPU
		{41A644B0-6679-4969-8A3D-EC427CF5AE74}.Release|ARM.Build.0 = Release|Any CPU
		{41A644B0-6679-4969-8A3D-EC427CF5AE74}.Release|ARM.Deploy.0 = Release|Any CPU
		{41A644B0-6679-4969-8A3D-EC427CF5AE74}.Release|iPhone.ActiveCfg = Release|Any CPU
		{41A644B0-6679-4969-8A3D-EC427CF5AE74}.Release|iPhone.Build.0 = Release|Any CPU
		{41A644B0-6679-4969-8A3D-EC427CF5AE74}.Release|iPhone.Deploy.0 = Release|Any CPU
		{41A644B0-6679-4969-8A3D-EC427CF5AE74}.Release|iPhoneSimulator.ActiveCfg = Release|Any CPU
		{41A644B0-6679-4969-8A3D-EC427CF5AE74}.Release|iPhoneSimulator.Build.0 = Release|Any CPU
		{41A644B0-6679-4969-8A3D-EC427CF5AE74}.Release|iPhoneSimulator.Deploy.0 = Release|Any CPU
		{41A644B0-6679-4969-8A3D-EC427CF5AE74}.Release|x64.ActiveCfg = Release|Any CPU
		{41A644B0-6679-4969-8A3D-EC427CF5AE74}.Release|x64.Build.0 = Release|Any CPU
		{41A644B0-6679-4969-8A3D-EC427CF5AE74}.Release|x64.Deploy.0 = Release|Any CPU
		{41A644B0-6679-4969-8A3D-EC427CF5AE74}.Release|x86.ActiveCfg = Release|Any CPU
		{41A644B0-6679-4969-8A3D-EC427CF5AE74}.Release|x86.Build.0 = Release|Any CPU
		{41A644B0-6679-4969-8A3D-EC427CF5AE74}.Release|x86.Deploy.0 = Release|Any CPU
		{95197F77-2DD7-4FE7-B972-FE1A8E2E467D}.Debug|Any CPU.ActiveCfg = Debug|iPhone
		{95197F77-2DD7-4FE7-B972-FE1A8E2E467D}.Debug|Any CPU.Build.0 = Debug|iPhone
		{95197F77-2DD7-4FE7-B972-FE1A8E2E467D}.Debug|Any CPU.Deploy.0 = Debug|iPhone
		{95197F77-2DD7-4FE7-B972-FE1A8E2E467D}.Debug|ARM.ActiveCfg = Debug|iPhoneSimulator
		{95197F77-2DD7-4FE7-B972-FE1A8E2E467D}.Debug|ARM.Build.0 = Debug|iPhoneSimulator
		{95197F77-2DD7-4FE7-B972-FE1A8E2E467D}.Debug|ARM.Deploy.0 = Debug|iPhoneSimulator
		{95197F77-2DD7-4FE7-B972-FE1A8E2E467D}.Debug|iPhone.ActiveCfg = Debug|iPhone
		{95197F77-2DD7-4FE7-B972-FE1A8E2E467D}.Debug|iPhone.Build.0 = Debug|iPhone
		{95197F77-2DD7-4FE7-B972-FE1A8E2E467D}.Debug|iPhone.Deploy.0 = Debug|iPhone
		{95197F77-2DD7-4FE7-B972-FE1A8E2E467D}.Debug|iPhoneSimulator.ActiveCfg = Debug|iPhoneSimulator
		{95197F77-2DD7-4FE7-B972-FE1A8E2E467D}.Debug|iPhoneSimulator.Build.0 = Debug|iPhoneSimulator
		{95197F77-2DD7-4FE7-B972-FE1A8E2E467D}.Debug|iPhoneSimulator.Deploy.0 = Debug|iPhoneSimulator
		{95197F77-2DD7-4FE7-B972-FE1A8E2E467D}.Debug|x64.ActiveCfg = Debug|iPhone
		{95197F77-2DD7-4FE7-B972-FE1A8E2E467D}.Debug|x64.Build.0 = Debug|iPhone
		{95197F77-2DD7-4FE7-B972-FE1A8E2E467D}.Debug|x64.Deploy.0 = Debug|iPhone
		{95197F77-2DD7-4FE7-B972-FE1A8E2E467D}.Debug|x86.ActiveCfg = Debug|iPhone
		{95197F77-2DD7-4FE7-B972-FE1A8E2E467D}.Debug|x86.Build.0 = Debug|iPhone
		{95197F77-2DD7-4FE7-B972-FE1A8E2E467D}.Debug|x86.Deploy.0 = Debug|iPhone
		{95197F77-2DD7-4FE7-B972-FE1A8E2E467D}.Release|Any CPU.ActiveCfg = Release|iPhone
		{95197F77-2DD7-4FE7-B972-FE1A8E2E467D}.Release|Any CPU.Build.0 = Release|iPhone
		{95197F77-2DD7-4FE7-B972-FE1A8E2E467D}.Release|Any CPU.Deploy.0 = Release|iPhone
		{95197F77-2DD7-4FE7-B972-FE1A8E2E467D}.Release|ARM.ActiveCfg = Release|iPhone
		{95197F77-2DD7-4FE7-B972-FE1A8E2E467D}.Release|ARM.Build.0 = Release|iPhone
		{95197F77-2DD7-4FE7-B972-FE1A8E2E467D}.Release|ARM.Deploy.0 = Release|iPhone
		{95197F77-2DD7-4FE7-B972-FE1A8E2E467D}.Release|iPhone.ActiveCfg = Release|iPhone
		{95197F77-2DD7-4FE7-B972-FE1A8E2E467D}.Release|iPhone.Build.0 = Release|iPhone
		{95197F77-2DD7-4FE7-B972-FE1A8E2E467D}.Release|iPhone.Deploy.0 = Release|iPhone
		{95197F77-2DD7-4FE7-B972-FE1A8E2E467D}.Release|iPhoneSimulator.ActiveCfg = Release|iPhoneSimulator
		{95197F77-2DD7-4FE7-B972-FE1A8E2E467D}.Release|iPhoneSimulator.Build.0 = Release|iPhoneSimulator
		{95197F77-2DD7-4FE7-B972-FE1A8E2E467D}.Release|iPhoneSimulator.Deploy.0 = Release|iPhoneSimulator
		{95197F77-2DD7-4FE7-B972-FE1A8E2E467D}.Release|x64.ActiveCfg = Release|iPhone
		{95197F77-2DD7-4FE7-B972-FE1A8E2E467D}.Release|x64.Build.0 = Release|iPhone
		{95197F77-2DD7-4FE7-B972-FE1A8E2E467D}.Release|x64.Deploy.0 = Release|iPhone
		{95197F77-2DD7-4FE7-B972-FE1A8E2E467D}.Release|x86.ActiveCfg = Release|iPhone
		{95197F77-2DD7-4FE7-B972-FE1A8E2E467D}.Release|x86.Build.0 = Release|iPhone
		{95197F77-2DD7-4FE7-B972-FE1A8E2E467D}.Release|x86.Deploy.0 = Release|iPhone
		{0F305422-EDB3-4192-A5AF-DC35E1F6D480}.Debug|Any CPU.ActiveCfg = Debug|Any CPU
		{0F305422-EDB3-4192-A5AF-DC35E1F6D480}.Debug|Any CPU.Build.0 = Debug|Any CPU
		{0F305422-EDB3-4192-A5AF-DC35E1F6D480}.Debug|Any CPU.Deploy.0 = Debug|Any CPU
		{0F305422-EDB3-4192-A5AF-DC35E1F6D480}.Debug|ARM.ActiveCfg = Debug|Any CPU
		{0F305422-EDB3-4192-A5AF-DC35E1F6D480}.Debug|ARM.Build.0 = Debug|Any CPU
		{0F305422-EDB3-4192-A5AF-DC35E1F6D480}.Debug|ARM.Deploy.0 = Debug|Any CPU
		{0F305422-EDB3-4192-A5AF-DC35E1F6D480}.Debug|iPhone.ActiveCfg = Debug|Any CPU
		{0F305422-EDB3-4192-A5AF-DC35E1F6D480}.Debug|iPhone.Build.0 = Debug|Any CPU
		{0F305422-EDB3-4192-A5AF-DC35E1F6D480}.Debug|iPhone.Deploy.0 = Debug|Any CPU
		{0F305422-EDB3-4192-A5AF-DC35E1F6D480}.Debug|iPhoneSimulator.ActiveCfg = Debug|Any CPU
		{0F305422-EDB3-4192-A5AF-DC35E1F6D480}.Debug|iPhoneSimulator.Build.0 = Debug|Any CPU
		{0F305422-EDB3-4192-A5AF-DC35E1F6D480}.Debug|iPhoneSimulator.Deploy.0 = Debug|Any CPU
		{0F305422-EDB3-4192-A5AF-DC35E1F6D480}.Debug|x64.ActiveCfg = Debug|Any CPU
		{0F305422-EDB3-4192-A5AF-DC35E1F6D480}.Debug|x64.Build.0 = Debug|Any CPU
		{0F305422-EDB3-4192-A5AF-DC35E1F6D480}.Debug|x64.Deploy.0 = Debug|Any CPU
		{0F305422-EDB3-4192-A5AF-DC35E1F6D480}.Debug|x86.ActiveCfg = Debug|Any CPU
		{0F305422-EDB3-4192-A5AF-DC35E1F6D480}.Debug|x86.Build.0 = Debug|Any CPU
		{0F305422-EDB3-4192-A5AF-DC35E1F6D480}.Debug|x86.Deploy.0 = Debug|Any CPU
		{0F305422-EDB3-4192-A5AF-DC35E1F6D480}.Release|Any CPU.ActiveCfg = Release|Any CPU
		{0F305422-EDB3-4192-A5AF-DC35E1F6D480}.Release|Any CPU.Build.0 = Release|Any CPU
		{0F305422-EDB3-4192-A5AF-DC35E1F6D480}.Release|Any CPU.Deploy.0 = Release|Any CPU
		{0F305422-EDB3-4192-A5AF-DC35E1F6D480}.Release|ARM.ActiveCfg = Release|Any CPU
		{0F305422-EDB3-4192-A5AF-DC35E1F6D480}.Release|ARM.Build.0 = Release|Any CPU
		{0F305422-EDB3-4192-A5AF-DC35E1F6D480}.Release|ARM.Deploy.0 = Release|Any CPU
		{0F305422-EDB3-4192-A5AF-DC35E1F6D480}.Release|iPhone.ActiveCfg = Release|Any CPU
		{0F305422-EDB3-4192-A5AF-DC35E1F6D480}.Release|iPhone.Build.0 = Release|Any CPU
		{0F305422-EDB3-4192-A5AF-DC35E1F6D480}.Release|iPhone.Deploy.0 = Release|Any CPU
		{0F305422-EDB3-4192-A5AF-DC35E1F6D480}.Release|iPhoneSimulator.ActiveCfg = Release|Any CPU
		{0F305422-EDB3-4192-A5AF-DC35E1F6D480}.Release|iPhoneSimulator.Build.0 = Release|Any CPU
		{0F305422-EDB3-4192-A5AF-DC35E1F6D480}.Release|iPhoneSimulator.Deploy.0 = Release|Any CPU
		{0F305422-EDB3-4192-A5AF-DC35E1F6D480}.Release|x64.ActiveCfg = Release|Any CPU
		{0F305422-EDB3-4192-A5AF-DC35E1F6D480}.Release|x64.Build.0 = Release|Any CPU
		{0F305422-EDB3-4192-A5AF-DC35E1F6D480}.Release|x64.Deploy.0 = Release|Any CPU
		{0F305422-EDB3-4192-A5AF-DC35E1F6D480}.Release|x86.ActiveCfg = Release|Any CPU
		{0F305422-EDB3-4192-A5AF-DC35E1F6D480}.Release|x86.Build.0 = Release|Any CPU
		{0F305422-EDB3-4192-A5AF-DC35E1F6D480}.Release|x86.Deploy.0 = Release|Any CPU
	EndGlobalSection
	GlobalSection(SolutionProperties) = preSolution
		HideSolutionNode = FALSE
	EndGlobalSection
	GlobalSection(ExtensibilityGlobals) = postSolution
		SolutionGuid = {633D473C-7BE6-4872-B9D7-344EEB2591DC}
	EndGlobalSection
EndGlobal
